
Microsoft Visual Studio Solution File, Format Version 12.00
# Visual Studio 2013
VisualStudioVersion = 12.0.30110.0
MinimumVisualStudioVersion = 10.0.40219.1
Project("{002A2DE9-8BB6-484D-9802-7E4AD4084715}") = "BuildSlave", "BuildSlave\BuildSlave.visualdproj", "{E92E0A69-4D3D-441C-83FF-8C147A3D84DB}"
EndProject
Global
	GlobalSection(SolutionConfigurationPlatforms) = preSolution
		Debug|Win32 = Debug|Win32
		Release|Win32 = Release|Win32
	EndGlobalSection
	GlobalSection(ProjectConfigurationPlatforms) = postSolution
		{E92E0A69-4D3D-441C-83FF-8C147A3D84DB}.Debug|Win32.ActiveCfg = Debug|Win32
		{E92E0A69-4D3D-441C-83FF-8C147A3D84DB}.Debug|Win32.Build.0 = Debug|Win32
		{E92E0A69-4D3D-441C-83FF-8C147A3D84DB}.Release|Win32.ActiveCfg = Release|Win32
		{E92E0A69-4D3D-441C-83FF-8C147A3D84DB}.Release|Win32.Build.0 = Release|Win32
	EndGlobalSection
	GlobalSection(SolutionProperties) = preSolution
		HideSolutionNode = FALSE
	EndGlobalSection
EndGlobal
